{
  "name": "test",
  "version": "1.0.0",
  "lockfileVersion": 2,
  "requires": true,
  "packages": {
    "": {
      "name": "test",
      "version": "1.0.0",
      "license": "ISC",
      "dependencies": {
        "@vant/weapp": "^1.10.4",
        "miniprogram-sm-crypto": "^0.3.10"
      }
    },
    "node_modules/@vant/weapp": {
      "version": "1.10.4",
      "resolved": "https://registry.npmjs.org/@vant/weapp/-/weapp-1.10.4.tgz",
      "integrity": "sha512-S0T6myy4Ve4ZClRujJKP1Eu5hP5GFkVeQH587uakhacrQ+9Fp23gfnmo+dKMf7FbjTRqQu+ehxcr0Ba75iV8HA=="
    },
    "node_modules/jsbn": {
      "version": "1.1.0",
      "resolved": "https://registry.npmjs.org/jsbn/-/jsbn-1.1.0.tgz",
      "integrity": "sha512-4bYVV3aAMtDTTu4+xsDYa6sy9GyJ69/amsu9sYF2zqjiEoZA5xJi3BrfX3uY+/IekIu7MwdObdbDWpoZdBv3/A=="
    },
    "node_modules/miniprogram-sm-crypto": {
      "version": "0.3.10",
      "resolved": "https://registry.npmjs.org/miniprogram-sm-crypto/-/miniprogram-sm-crypto-0.3.10.tgz",
      "integrity": "sha512-5ngCsZDuyd/5jAMXmIs78ct7RE2KjVXU42yPYA8Xt72A6ae//i2WVvgl5KvvXV3YZhZCgwQRidLutkdsEF+Zkw==",
      "dependencies": {
        "jsbn": "^1.1.0"
      }
    }
  },
  "dependencies": {
    "@vant/weapp": {
      "version": "1.10.4",
      "resolved": "https://registry.npmjs.org/@vant/weapp/-/weapp-1.10.4.tgz",
      "integrity": "sha512-S0T6myy4Ve4ZClRujJKP1Eu5hP5GFkVeQH587uakhacrQ+9Fp23gfnmo+dKMf7FbjTRqQu+ehxcr0Ba75iV8HA=="
    },
    "jsbn": {
      "version": "1.1.0",
      "resolved": "https://registry.npmjs.org/jsbn/-/jsbn-1.1.0.tgz",
      "integrity": "sha512-4bYVV3aAMtDTTu4+xsDYa6sy9GyJ69/amsu9sYF2zqjiEoZA5xJi3BrfX3uY+/IekIu7MwdObdbDWpoZdBv3/A=="
    },
    "miniprogram-sm-crypto": {
      "version": "0.3.10",
      "resolved": "https://registry.npmjs.org/miniprogram-sm-crypto/-/miniprogram-sm-crypto-0.3.10.tgz",
      "integrity": "sha512-5ngCsZDuyd/5jAMXmIs78ct7RE2KjVXU42yPYA8Xt72A6ae//i2WVvgl5KvvXV3YZhZCgwQRidLutkdsEF+Zkw==",
      "requires": {
        "jsbn": "^1.1.0"
      }
    }
  }
}
